
Microsoft Visual Studio Solution File, Format Version 12.00
# Visual Studio Version 16
VisualStudioVersion = 16.0.30114.105
MinimumVisualStudioVersion = 10.0.40219.1
Project("{FAE04EC0-301F-11D3-BF4B-00C04F79EFBC}") = "AweSomeShop.Orders.API", "AweSomeShop.Orders.API\AweSomeShop.Orders.API.csproj", "{6BE565C8-0E35-4025-B4BA-85EB995216A9}"
EndProject
Global
	GlobalSection(SolutionConfigurationPlatforms) = preSolution
		Debug|Any CPU = Debug|Any CPU
		Release|Any CPU = Release|Any CPU
	EndGlobalSection
	GlobalSection(SolutionProperties) = preSolution
		HideSolutionNode = FALSE
	EndGlobalSection
	GlobalSection(ProjectConfigurationPlatforms) = postSolution
		{6BE565C8-0E35-4025-B4BA-85EB995216A9}.Debug|Any CPU.ActiveCfg = Debug|Any CPU
		{6BE565C8-0E35-4025-B4BA-85EB995216A9}.Debug|Any CPU.Build.0 = Debug|Any CPU
		{6BE565C8-0E35-4025-B4BA-85EB995216A9}.Release|Any CPU.ActiveCfg = Release|Any CPU
		{6BE565C8-0E35-4025-B4BA-85EB995216A9}.Release|Any CPU.Build.0 = Release|Any CPU
	EndGlobalSection
EndGlobal
